{
  "requires": true,
  "lockfileVersion": 1,
  "dependencies": {
    "clazzer": {
      "version": "1.0.0",
      "resolved": "https://registry.npmjs.org/clazzer/-/clazzer-1.0.0.tgz",
      "integrity": "sha512-xxAsG/+WFPCJJMgJIzM9FsvA+IQ7v0NJdWc/VnPyq4jW5WitnX0Z/UAh4V0EoFGl7DNmgxX34e1N8LOlE5anAQ=="
    }
  }
}
